// !$*UTF8*$!
{
	archiveVersion = 1;
	classes = {
	};
	objectVersion = 50;
	objects = {

/* Begin PBXBuildFile section */
		970CB69C2660D91A000BB77C /* DetailPageController.swift in Sources */ = {isa = PBXBuildFile; fileRef = 970CB69B2660D91A000BB77C /* DetailPageController.swift */; };
		97358EE0265D6E9F004A3D46 /* AppDelegate.swift in Sources */ = {isa = PBXBuildFile; fileRef = 97358EDF265D6E9F004A3D46 /* AppDelegate.swift */; };
		97358EE2265D6E9F004A3D46 /* SceneDelegate.swift in Sources */ = {isa = PBXBuildFile; fileRef = 97358EE1265D6E9F004A3D46 /* SceneDelegate.swift */; };
		97358EE4265D6E9F004A3D46 /* ViewController.swift in Sources */ = {isa = PBXBuildFile; fileRef = 97358EE3265D6E9F004A3D46 /* ViewController.swift */; };
		97358EE7265D6E9F004A3D46 /* Main.storyboard in Resources */ = {isa = PBXBuildFile; fileRef = 97358EE5265D6E9F004A3D46 /* Main.storyboard */; };
		97358EE9265D6EA0004A3D46 /* Assets.xcassets in Resources */ = {isa = PBXBuildFile; fileRef = 97358EE8265D6EA0004A3D46 /* Assets.xcassets */; };
		97358EEC265D6EA0004A3D46 /* LaunchScreen.storyboard in Resources */ = {isa = PBXBuildFile; fileRef = 97358EEA265D6EA0004A3D46 /* LaunchScreen.storyboard */; };
		97358EF8265D6FAC004A3D46 /* ProfilePage.storyboard in Resources */ = {isa = PBXBuildFile; fileRef = 97358EF7265D6FAC004A3D46 /* ProfilePage.storyboard */; };
		97358EFC265D7A04004A3D46 /* ProfilePageController.swift in Sources */ = {isa = PBXBuildFile; fileRef = 97358EFB265D7A04004A3D46 /* ProfilePageController.swift */; };
		976BCC2E265F7137005719C7 /* apiModel.swift in Sources */ = {isa = PBXBuildFile; fileRef = 976BCC2D265F7137005719C7 /* apiModel.swift */; };
		976BCC30265F8620005719C7 /* tableViewCellModel.swift in Sources */ = {isa = PBXBuildFile; fileRef = 976BCC2F265F8620005719C7 /* tableViewCellModel.swift */; };
		976BCC33265FFFAE005719C7 /* DetailViewController.swift in Sources */ = {isa = PBXBuildFile; fileRef = 976BCC31265FFFAE005719C7 /* DetailViewController.swift */; };
		976BCC34265FFFAE005719C7 /* DetailViewController.xib in Resources */ = {isa = PBXBuildFile; fileRef = 976BCC32265FFFAE005719C7 /* DetailViewController.xib */; };
		9773BD52265E8B13005940F6 /* profile.swift in Sources */ = {isa = PBXBuildFile; fileRef = 9773BD51265E8B13005940F6 /* profile.swift */; };
		9773BD55265ECD14005940F6 /* APICaller.swift in Sources */ = {isa = PBXBuildFile; fileRef = 9773BD54265ECD14005940F6 /* APICaller.swift */; };
		9773BD5A265ECE55005940F6 /* TableViewCell.swift in Sources */ = {isa = PBXBuildFile; fileRef = 9773BD58265ECE55005940F6 /* TableViewCell.swift */; };
		9773BD5B265ECE55005940F6 /* TableViewCell.xib in Resources */ = {isa = PBXBuildFile; fileRef = 9773BD59265ECE55005940F6 /* TableViewCell.xib */; };
/* End PBXBuildFile section */

/* Begin PBXFileReference section */
		970CB69B2660D91A000BB77C /* DetailPageController.swift */ = {isa = PBXFileReference; lastKnownFileType = sourcecode.swift; path = DetailPageController.swift; sourceTree = "<group>"; };
		97358EDC265D6E9F004A3D46 /* dicodingFinalProject.app */ = {isa = PBXFileReference; explicitFileType = wrapper.application; includeInIndex = 0; path = dicodingFinalProject.app; sourceTree = BUILT_PRODUCTS_DIR; };
		97358EDF265D6E9F004A3D46 /* AppDelegate.swift */ = {isa = PBXFileReference; lastKnownFileType = sourcecode.swift; path = AppDelegate.swift; sourceTree = "<group>"; };
		97358EE1265D6E9F004A3D46 /* SceneDelegate.swift */ = {isa = PBXFileReference; lastKnownFileType = sourcecode.swift; path = SceneDelegate.swift; sourceTree = "<group>"; };
		97358EE3265D6E9F004A3D46 /* ViewController.swift */ = {isa = PBXFileReference; lastKnownFileType = sourcecode.swift; path = ViewController.swift; sourceTree = "<group>"; };
		97358EE6265D6E9F004A3D46 /* Base */ = {isa = PBXFileReference; lastKnownFileType = file.storyboard; name = Base; path = Base.lproj/Main.storyboard; sourceTree = "<group>"; };
		97358EE8265D6EA0004A3D46 /* Assets.xcassets */ = {isa = PBXFileReference; lastKnownFileType = folder.assetcatalog; path = Assets.xcassets; sourceTree = "<group>"; };
		97358EEB265D6EA0004A3D46 /* Base */ = {isa = PBXFileReference; lastKnownFileType = file.storyboard; name = Base; path = Base.lproj/LaunchScreen.storyboard; sourceTree = "<group>"; };
		97358EED265D6EA0004A3D46 /* Info.plist */ = {isa = PBXFileReference; lastKnownFileType = text.plist.xml; path = Info.plist; sourceTree = "<group>"; };
		97358EF7265D6FAC004A3D46 /* ProfilePage.storyboard */ = {isa = PBXFileReference; lastKnownFileType = file.storyboard; path = ProfilePage.storyboard; sourceTree = "<group>"; };
		97358EFB265D7A04004A3D46 /* ProfilePageController.swift */ = {isa = PBXFileReference; lastKnownFileType = sourcecode.swift; path = ProfilePageController.swift; sourceTree = "<group>"; };
		976BCC2D265F7137005719C7 /* apiModel.swift */ = {isa = PBXFileReference; lastKnownFileType = sourcecode.swift; path = apiModel.swift; sourceTree = "<group>"; };
		976BCC2F265F8620005719C7 /* tableViewCellModel.swift */ = {isa = PBXFileReference; lastKnownFileType = sourcecode.swift; path = tableViewCellModel.swift; sourceTree = "<group>"; };
		976BCC31265FFFAE005719C7 /* DetailViewController.swift */ = {isa = PBXFileReference; lastKnownFileType = sourcecode.swift; path = DetailViewController.swift; sourceTree = "<group>"; };
		976BCC32265FFFAE005719C7 /* DetailViewController.xib */ = {isa = PBXFileReference; lastKnownFileType = file.xib; path = DetailViewController.xib; sourceTree = "<group>"; };
		9773BD51265E8B13005940F6 /* profile.swift */ = {isa = PBXFileReference; lastKnownFileType = sourcecode.swift; path = profile.swift; sourceTree = "<group>"; };
		9773BD54265ECD14005940F6 /* APICaller.swift */ = {isa = PBXFileReference; lastKnownFileType = sourcecode.swift; path = APICaller.swift; sourceTree = "<group>"; };
		9773BD58265ECE55005940F6 /* TableViewCell.swift */ = {isa = PBXFileReference; lastKnownFileType = sourcecode.swift; path = TableViewCell.swift; sourceTree = "<group>"; };
		9773BD59265ECE55005940F6 /* TableViewCell.xib */ = {isa = PBXFileReference; lastKnownFileType = file.xib; path = TableViewCell.xib; sourceTree = "<group>"; };
/* End PBXFileReference section */

/* Begin PBXFrameworksBuildPhase section */
		97358ED9265D6E9F004A3D46 /* Frameworks */ = {
			isa = PBXFrameworksBuildPhase;
			buildActionMask = 2147483647;
			files = (
			);
			runOnlyForDeploymentPostprocessing = 0;
		};
/* End PBXFrameworksBuildPhase section */

/* Begin PBXGroup section */
		97358ED3265D6E9F004A3D46 = {
			isa = PBXGroup;
			children = (
				97358EDE265D6E9F004A3D46 /* dicodingFinalProject */,
				97358EDD265D6E9F004A3D46 /* Products */,
			);
			sourceTree = "<group>";
		};
		97358EDD265D6E9F004A3D46 /* Products */ = {
			isa = PBXGroup;
			children = (
				97358EDC265D6E9F004A3D46 /* dicodingFinalProject.app */,
			);
			name = Products;
			sourceTree = "<group>";
		};
		97358EDE265D6E9F004A3D46 /* dicodingFinalProject */ = {
			isa = PBXGroup;
			children = (
				9773BD53265ECD02005940F6 /* helper */,
				9773BD4F265E8A88005940F6 /* base */,
				9773BD4E265E8A73005940F6 /* controller */,
				9773BD4D265E8A4E005940F6 /* view */,
				9773BD50265E8AEB005940F6 /* model */,
				97358EE8265D6EA0004A3D46 /* Assets.xcassets */,
				97358EEA265D6EA0004A3D46 /* LaunchScreen.storyboard */,
				97358EED265D6EA0004A3D46 /* Info.plist */,
			);
			path = dicodingFinalProject;
			sourceTree = "<group>";
		};
		9773BD4D265E8A4E005940F6 /* view */ = {
			isa = PBXGroup;
			children = (
				97358EE5265D6E9F004A3D46 /* Main.storyboard */,
				97358EF7265D6FAC004A3D46 /* ProfilePage.storyboard */,
				9773BD59265ECE55005940F6 /* TableViewCell.xib */,
				976BCC32265FFFAE005719C7 /* DetailViewController.xib */,
			);
			path = view;
			sourceTree = "<group>";
		};
		9773BD4E265E8A73005940F6 /* controller */ = {
			isa = PBXGroup;
			children = (
				97358EE3265D6E9F004A3D46 /* ViewController.swift */,
				97358EFB265D7A04004A3D46 /* ProfilePageController.swift */,
				9773BD58265ECE55005940F6 /* TableViewCell.swift */,
				976BCC31265FFFAE005719C7 /* DetailViewController.swift */,
				970CB69B2660D91A000BB77C /* DetailPageController.swift */,
			);
			path = controller;
			sourceTree = "<group>";
		};
		9773BD4F265E8A88005940F6 /* base */ = {
			isa = PBXGroup;
			children = (
				97358EDF265D6E9F004A3D46 /* AppDelegate.swift */,
				97358EE1265D6E9F004A3D46 /* SceneDelegate.swift */,
			);
			path = base;
			sourceTree = "<group>";
		};
		9773BD50265E8AEB005940F6 /* model */ = {
			isa = PBXGroup;
			children = (
				9773BD51265E8B13005940F6 /* profile.swift */,
				976BCC2D265F7137005719C7 /* apiModel.swift */,
				976BCC2F265F8620005719C7 /* tableViewCellModel.swift */,
			);
			path = model;
			sourceTree = "<group>";
		};
		9773BD53265ECD02005940F6 /* helper */ = {
			isa = PBXGroup;
			children = (
				9773BD54265ECD14005940F6 /* APICaller.swift */,
			);
			path = helper;
			sourceTree = "<group>";
		};
/* End PBXGroup section */

/* Begin PBXNativeTarget section */
		97358EDB265D6E9F004A3D46 /* dicodingFinalProject */ = {
			isa = PBXNativeTarget;
			buildConfigurationList = 97358EF0265D6EA0004A3D46 /* Build configuration list for PBXNativeTarget "dicodingFinalProject" */;
			buildPhases = (
				97358ED8265D6E9F004A3D46 /* Sources */,
				97358ED9265D6E9F004A3D46 /* Frameworks */,
				97358EDA265D6E9F004A3D46 /* Resources */,
			);
			buildRules = (
			);
			dependencies = (
			);
			name = dicodingFinalProject;
			productName = dicodingFinalProject;
			productReference = 97358EDC265D6E9F004A3D46 /* dicodingFinalProject.app */;
			productType = "com.apple.product-type.application";
		};
/* End PBXNativeTarget section */

/* Begin PBXProject section */
		97358ED4265D6E9F004A3D46 /* Project object */ = {
			isa = PBXProject;
			attributes = {
				LastSwiftUpdateCheck = 1250;
				LastUpgradeCheck = 1250;
				TargetAttributes = {
					97358EDB265D6E9F004A3D46 = {
						CreatedOnToolsVersion = 12.5;
					};
				};
			};
			buildConfigurationList = 97358ED7265D6E9F004A3D46 /* Build configuration list for PBXProject "dicodingFinalProject" */;
			compatibilityVersion = "Xcode 9.3";
			developmentRegion = en;
			hasScannedForEncodings = 0;
			knownRegions = (
				en,
				Base,
			);
			mainGroup = 97358ED3265D6E9F004A3D46;
			productRefGroup = 97358EDD265D6E9F004A3D46 /* Products */;
			projectDirPath = "";
			projectRoot = "";
			targets = (
				97358EDB265D6E9F004A3D46 /* dicodingFinalProject */,
			);
		};
/* End PBXProject section */

/* Begin PBXResourcesBuildPhase section */
		97358EDA265D6E9F004A3D46 /* Resources */ = {
			isa = PBXResourcesBuildPhase;
			buildActionMask = 2147483647;
			files = (
				97358EEC265D6EA0004A3D46 /* LaunchScreen.storyboard in Resources */,
				976BCC34265FFFAE005719C7 /* DetailViewController.xib in Resources */,
				9773BD5B265ECE55005940F6 /* TableViewCell.xib in Resources */,
				97358EE9265D6EA0004A3D46 /* Assets.xcassets in Resources */,
				97358EF8265D6FAC004A3D46 /* ProfilePage.storyboard in Resources */,
				97358EE7265D6E9F004A3D46 /* Main.storyboard in Resources */,
			);
			runOnlyForDeploymentPostprocessing = 0;
		};
/* End PBXResourcesBuildPhase section */

/* Begin PBXSourcesBuildPhase section */
		97358ED8265D6E9F004A3D46 /* Sources */ = {
			isa = PBXSourcesBuildPhase;
			buildActionMask = 2147483647;
			files = (
				970CB69C2660D91A000BB77C /* DetailPageController.swift in Sources */,
				97358EFC265D7A04004A3D46 /* ProfilePageController.swift in Sources */,
				9773BD55265ECD14005940F6 /* APICaller.swift in Sources */,
				97358EE4265D6E9F004A3D46 /* ViewController.swift in Sources */,
				97358EE0265D6E9F004A3D46 /* AppDelegate.swift in Sources */,
				976BCC2E265F7137005719C7 /* apiModel.swift in Sources */,
				976BCC30265F8620005719C7 /* tableViewCellModel.swift in Sources */,
				9773BD52265E8B13005940F6 /* profile.swift in Sources */,
				976BCC33265FFFAE005719C7 /* DetailViewController.swift in Sources */,
				9773BD5A265ECE55005940F6 /* TableViewCell.swift in Sources */,
				97358EE2265D6E9F004A3D46 /* SceneDelegate.swift in Sources */,
			);
			runOnlyForDeploymentPostprocessing = 0;
		};
/* End PBXSourcesBuildPhase section */

/* Begin PBXVariantGroup section */
		97358EE5265D6E9F004A3D46 /* Main.storyboard */ = {
			isa = PBXVariantGroup;
			children = (
				97358EE6265D6E9F004A3D46 /* Base */,
			);
			name = Main.storyboard;
			sourceTree = "<group>";
		};
		97358EEA265D6EA0004A3D46 /* LaunchScreen.storyboard */ = {
			isa = PBXVariantGroup;
			children = (
				97358EEB265D6EA0004A3D46 /* Base */,
			);
			name = LaunchScreen.storyboard;
			sourceTree = "<group>";
		};
/* End PBXVariantGroup section */

/* Begin XCBuildConfiguration section */
		97358EEE265D6EA0004A3D46 /* Debug */ = {
			isa = XCBuildConfiguration;
			buildSettings = {
				ALWAYS_SEARCH_USER_PATHS = NO;
				CLANG_ANALYZER_NONNULL = YES;
				CLANG_ANALYZER_NUMBER_OBJECT_CONVERSION = YES_AGGRESSIVE;
				CLANG_CXX_LANGUAGE_STANDARD = "gnu++14";
				CLANG_CXX_LIBRARY = "libc++";
				CLANG_ENABLE_MODULES = YES;
				CLANG_ENABLE_OBJC_ARC = YES;
				CLANG_ENABLE_OBJC_WEAK = YES;
				CLANG_WARN_BLOCK_CAPTURE_AUTORELEASING = YES;
				CLANG_WARN_BOOL_CONVERSION = YES;
				CLANG_WARN_COMMA = YES;
				CLANG_WARN_CONSTANT_CONVERSION = YES;
				CLANG_WARN_DEPRECATED_OBJC_IMPLEMENTATIONS = YES;
				CLANG_WARN_DIRECT_OBJC_ISA_USAGE = YES_ERROR;
				CLANG_WARN_DOCUMENTATION_COMMENTS = YES;
				CLANG_WARN_EMPTY_BODY = YES;
				CLANG_WARN_ENUM_CONVERSION = YES;
				CLANG_WARN_INFINITE_RECURSION = YES;
				CLANG_WARN_INT_CONVERSION = YES;
				CLANG_WARN_NON_LITERAL_NULL_CONVERSION = YES;
				CLANG_WARN_OBJC_IMPLICIT_RETAIN_SELF = YES;
				CLANG_WARN_OBJC_LITERAL_CONVERSION = YES;
				CLANG_WARN_OBJC_ROOT_CLASS = YES_ERROR;
				CLANG_WARN_QUOTED_INCLUDE_IN_FRAMEWORK_HEADER = YES;
				CLANG_WARN_RANGE_LOOP_ANALYSIS = YES;
				CLANG_WARN_STRICT_PROTOTYPES = YES;
				CLANG_WARN_SUSPICIOUS_MOVE = YES;
				CLANG_WARN_UNGUARDED_AVAILABILITY = YES_AGGRESSIVE;
				CLANG_WARN_UNREACHABLE_CODE = YES;
				CLANG_WARN__DUPLICATE_METHOD_MATCH = YES;
				COPY_PHASE_STRIP = NO;
				DEBUG_INFORMATION_FORMAT = dwarf;
				ENABLE_STRICT_OBJC_MSGSEND = YES;
				ENABLE_TESTABILITY = YES;
				GCC_C_LANGUAGE_STANDARD = gnu11;
				GCC_DYNAMIC_NO_PIC = NO;
				GCC_NO_COMMON_BLOCKS = YES;
				GCC_OPTIMIZATION_LEVEL = 0;
				GCC_PREPROCESSOR_DEFINITIONS = (
					"DEBUG=1",
					"$(inherited)",
				);
				GCC_WARN_64_TO_32_BIT_CONVERSION = YES;
				GCC_WARN_ABOUT_RETURN_TYPE = YES_ERROR;
				GCC_WARN_UNDECLARED_SELECTOR = YES;
				GCC_WARN_UNINITIALIZED_AUTOS = YES_AGGRESSIVE;
				GCC_WARN_UNUSED_FUNCTION = YES;
				GCC_WARN_UNUSED_VARIABLE = YES;
				IPHONEOS_DEPLOYMENT_TARGET = 14.5;
				MTL_ENABLE_DEBUG_INFO = INCLUDE_SOURCE;
				MTL_FAST_MATH = YES;
				ONLY_ACTIVE_ARCH = YES;
				SDKROOT = iphoneos;
				SWIFT_ACTIVE_COMPILATION_CONDITIONS = DEBUG;
				SWIFT_OPTIMIZATION_LEVEL = "-Onone";
			};
			name = Debug;
		};
		97358EEF265D6EA0004A3D46 /* Release */ = {
			isa = XCBuildConfiguration;
			buildSettings = {
				ALWAYS_SEARCH_USER_PATHS = NO;
				CLANG_ANALYZER_NONNULL = YES;
				CLANG_ANALYZER_NUMBER_OBJECT_CONVERSION = YES_AGGRESSIVE;
				CLANG_CXX_LANGUAGE_STANDARD = "gnu++14";
				CLANG_CXX_LIBRARY = "libc++";
				CLANG_ENABLE_MODULES = YES;
				CLANG_ENABLE_OBJC_ARC = YES;
				CLANG_ENABLE_OBJC_WEAK = YES;
				CLANG_WARN_BLOCK_CAPTURE_AUTORELEASING = YES;
				CLANG_WARN_BOOL_CONVERSION = YES;
				CLANG_WARN_COMMA = YES;
				CLANG_WARN_CONSTANT_CONVERSION = YES;
				CLANG_WARN_DEPRECATED_OBJC_IMPLEMENTATIONS = YES;
				CLANG_WARN_DIRECT_OBJC_ISA_USAGE = YES_ERROR;
				CLANG_WARN_DOCUMENTATION_COMMENTS = YES;
				CLANG_WARN_EMPTY_BODY = YES;
				CLANG_WARN_ENUM_CONVERSION = YES;
				CLANG_WARN_INFINITE_RECURSION = YES;
				CLANG_WARN_INT_CONVERSION = YES;
				CLANG_WARN_NON_LITERAL_NULL_CONVERSION = YES;
				CLANG_WARN_OBJC_IMPLICIT_RETAIN_SELF = YES;
				CLANG_WARN_OBJC_LITERAL_CONVERSION = YES;
				CLANG_WARN_OBJC_ROOT_CLASS = YES_ERROR;
				CLANG_WARN_QUOTED_INCLUDE_IN_FRAMEWORK_HEADER = YES;
				CLANG_WARN_RANGE_LOOP_ANALYSIS = YES;
				CLANG_WARN_STRICT_PROTOTYPES = YES;
				CLANG_WARN_SUSPICIOUS_MOVE = YES;
				CLANG_WARN_UNGUARDED_AVAILABILITY = YES_AGGRESSIVE;
				CLANG_WARN_UNREACHABLE_CODE = YES;
				CLANG_WARN__DUPLICATE_METHOD_MATCH = YES;
				COPY_PHASE_STRIP = NO;
				DEBUG_INFORMATION_FORMAT = "dwarf-with-dsym";
				ENABLE_NS_ASSERTIONS = NO;
				ENABLE_STRICT_OBJC_MSGSEND = YES;
				GCC_C_LANGUAGE_STANDARD = gnu11;
				GCC_NO_COMMON_BLOCKS = YES;
				GCC_WARN_64_TO_32_BIT_CONVERSION = YES;
				GCC_WARN_ABOUT_RETURN_TYPE = YES_ERROR;
				GCC_WARN_UNDECLARED_SELECTOR = YES;
				GCC_WARN_UNINITIALIZED_AUTOS = YES_AGGRESSIVE;
				GCC_WARN_UNUSED_FUNCTION = YES;
				GCC_WARN_UNUSED_VARIABLE = YES;
				IPHONEOS_DEPLOYMENT_TARGET = 14.5;
				MTL_ENABLE_DEBUG_INFO = NO;
				MTL_FAST_MATH = YES;
				SDKROOT = iphoneos;
				SWIFT_COMPILATION_MODE = wholemodule;
				SWIFT_OPTIMIZATION_LEVEL = "-O";
				VALIDATE_PRODUCT = YES;
			};
			name = Release;
		};
		97358EF1265D6EA0004A3D46 /* Debug */ = {
			isa = XCBuildConfiguration;
			buildSettings = {
				ASSETCATALOG_COMPILER_APPICON_NAME = AppIcon;
				ASSETCATALOG_COMPILER_GLOBAL_ACCENT_COLOR_NAME = AccentColor;
				CODE_SIGN_STYLE = Automatic;
				DEVELOPMENT_TEAM = 6ZWJAU2KMB;
				INFOPLIST_FILE = dicodingFinalProject/Info.plist;
				LD_RUNPATH_SEARCH_PATHS = (
					"$(inherited)",
					"@executable_path/Frameworks",
				);
				PRODUCT_BUNDLE_IDENTIFIER = dicoding.dicodingFinalProject;
				PRODUCT_NAME = "$(TARGET_NAME)";
				SWIFT_VERSION = 5.0;
				TARGETED_DEVICE_FAMILY = "1,2";
			};
			name = Debug;
		};
		97358EF2265D6EA0004A3D46 /* Release */ = {
			isa = XCBuildConfiguration;
			buildSettings = {
				ASSETCATALOG_COMPILER_APPICON_NAME = AppIcon;
				ASSETCATALOG_COMPILER_GLOBAL_ACCENT_COLOR_NAME = AccentColor;
				CODE_SIGN_STYLE = Automatic;
				DEVELOPMENT_TEAM = 6ZWJAU2KMB;
				INFOPLIST_FILE = dicodingFinalProject/Info.plist;
				LD_RUNPATH_SEARCH_PATHS = (
					"$(inherited)",
					"@executable_path/Frameworks",
				);
				PRODUCT_BUNDLE_IDENTIFIER = dicoding.dicodingFinalProject;
				PRODUCT_NAME = "$(TARGET_NAME)";
				SWIFT_VERSION = 5.0;
				TARGETED_DEVICE_FAMILY = "1,2";
			};
			name = Release;
		};
/* End XCBuildConfiguration section */

/* Begin XCConfigurationList section */
		97358ED7265D6E9F004A3D46 /* Build configuration list for PBXProject "dicodingFinalProject" */ = {
			isa = XCConfigurationList;
			buildConfigurations = (
				97358EEE265D6EA0004A3D46 /* Debug */,
				97358EEF265D6EA0004A3D46 /* Release */,
			);
			defaultConfigurationIsVisible = 0;
			defaultConfigurationName = Release;
		};
		97358EF0265D6EA0004A3D46 /* Build configuration list for PBXNativeTarget "dicodingFinalProject" */ = {
			isa = XCConfigurationList;
			buildConfigurations = (
				97358EF1265D6EA0004A3D46 /* Debug */,
				97358EF2265D6EA0004A3D46 /* Release */,
			);
			defaultConfigurationIsVisible = 0;
			defaultConfigurationName = Release;
		};
/* End XCConfigurationList section */
	};
	rootObject = 97358ED4265D6E9F004A3D46 /* Project object */;
}
